
Microsoft Visual Studio Solution File, Format Version 12.00
# Visual Studio 14
VisualStudioVersion = 14.0.25420.1
MinimumVisualStudioVersion = 10.0.40219.1
Project("{2150E333-8FDC-42A3-9474-1A3956D46DE8}") = "src", "src", "{3A4866AD-5300-4B23-A341-21BE6A0DE15F}"
EndProject
Project("{2150E333-8FDC-42A3-9474-1A3956D46DE8}") = "Solution Items", "Solution Items", "{AB826412-CAFA-4528-8941-36AA991A6616}"
	ProjectSection(SolutionItems) = preProject
		global.json = global.json
	EndProjectSection
EndProject
Project("{8BB2217D-0F2D-49D1-97BC-3654ED321F3B}") = "PartyInvites", "src\PartyInvites\PartyInvites.xproj", "{3303B3F4-9C50-4D46-9FC3-AA9BF1F12FEE}"
EndProject
Global
	GlobalSection(SolutionConfigurationPlatforms) = preSolution
		Debug|Any CPU = Debug|Any CPU
		Release|Any CPU = Release|Any CPU
	EndGlobalSection
	GlobalSection(ProjectConfigurationPlatforms) = postSolution
		{3303B3F4-9C50-4D46-9FC3-AA9BF1F12FEE}.Debug|Any CPU.ActiveCfg = Debug|Any CPU
		{3303B3F4-9C50-4D46-9FC3-AA9BF1F12FEE}.Debug|Any CPU.Build.0 = Debug|Any CPU
		{3303B3F4-9C50-4D46-9FC3-AA9BF1F12FEE}.Release|Any CPU.ActiveCfg = Release|Any CPU
		{3303B3F4-9C50-4D46-9FC3-AA9BF1F12FEE}.Release|Any CPU.Build.0 = Release|Any CPU
	EndGlobalSection
	GlobalSection(SolutionProperties) = preSolution
		HideSolutionNode = FALSE
	EndGlobalSection
	GlobalSection(NestedProjects) = preSolution
		{3303B3F4-9C50-4D46-9FC3-AA9BF1F12FEE} = {3A4866AD-5300-4B23-A341-21BE6A0DE15F}
	EndGlobalSection
EndGlobal
