
Microsoft Visual Studio Solution File, Format Version 12.00
# Visual Studio 14
VisualStudioVersion = 14.0.25420.1
MinimumVisualStudioVersion = 10.0.40219.1
Project("{2150E333-8FDC-42A3-9474-1A3956D46DE8}") = "src", "src", "{828D68AE-BA23-4085-98EE-88FB38F3D6AB}"
EndProject
Project("{2150E333-8FDC-42A3-9474-1A3956D46DE8}") = "Solution Items", "Solution Items", "{49F508C5-0560-42B5-8D89-370A3CE33BAF}"
	ProjectSection(SolutionItems) = preProject
		global.json = global.json
	EndProjectSection
EndProject
Project("{8BB2217D-0F2D-49D1-97BC-3654ED321F3B}") = "LanguageFeatures", "src\LanguageFeatures\LanguageFeatures.xproj", "{29D7A37E-1E56-4BFE-A5B2-D64A30387B44}"
EndProject
Global
	GlobalSection(SolutionConfigurationPlatforms) = preSolution
		Debug|Any CPU = Debug|Any CPU
		Release|Any CPU = Release|Any CPU
	EndGlobalSection
	GlobalSection(ProjectConfigurationPlatforms) = postSolution
		{29D7A37E-1E56-4BFE-A5B2-D64A30387B44}.Debug|Any CPU.ActiveCfg = Debug|Any CPU
		{29D7A37E-1E56-4BFE-A5B2-D64A30387B44}.Debug|Any CPU.Build.0 = Debug|Any CPU
		{29D7A37E-1E56-4BFE-A5B2-D64A30387B44}.Release|Any CPU.ActiveCfg = Release|Any CPU
		{29D7A37E-1E56-4BFE-A5B2-D64A30387B44}.Release|Any CPU.Build.0 = Release|Any CPU
	EndGlobalSection
	GlobalSection(SolutionProperties) = preSolution
		HideSolutionNode = FALSE
	EndGlobalSection
	GlobalSection(NestedProjects) = preSolution
		{29D7A37E-1E56-4BFE-A5B2-D64A30387B44} = {828D68AE-BA23-4085-98EE-88FB38F3D6AB}
	EndGlobalSection
EndGlobal
